
Microsoft Visual Studio Solution File, Format Version 12.00
# Visual Studio 14
VisualStudioVersion = 14.0.25420.1
MinimumVisualStudioVersion = 10.0.40219.1
Project("{FAE04EC0-301F-11D3-BF4B-00C04F79EFBC}") = "SliderPuzzleApp", "SliderPuzzleApp\SliderPuzzleApp\SliderPuzzleApp.csproj", "{5EC0FE09-B960-4515-89D3-1E3E3BF57660}"
EndProject
Project("{FAE04EC0-301F-11D3-BF4B-00C04F79EFBC}") = "SliderPuzzleApp.Droid", "SliderPuzzleApp\SliderPuzzleApp.Droid\SliderPuzzleApp.Droid.csproj", "{B8C10D3D-3A8A-4D1A-95F9-424CFF300D0A}"
EndProject
Project("{FAE04EC0-301F-11D3-BF4B-00C04F79EFBC}") = "SliderPuzzleApp.iOS", "SliderPuzzleApp\SliderPuzzleApp.iOS\SliderPuzzleApp.iOS.csproj", "{17544529-D182-4397-BDB4-0EA0C378D790}"
EndProject
Project("{FAE04EC0-301F-11D3-BF4B-00C04F79EFBC}") = "SliderPuzzleApp.WinPhone", "SliderPuzzleApp\SliderPuzzleApp.WinPhone\SliderPuzzleApp.WinPhone.csproj", "{FAD3DE09-C465-420B-A3E8-5A1C7922730D}"
EndProject
Project("{FAE04EC0-301F-11D3-BF4B-00C04F79EFBC}") = "SliderPuzzleApp.UWP", "SliderPuzzleApp\SliderPuzzleApp.UWP\SliderPuzzleApp.UWP.csproj", "{D27F67A2-0152-40DA-BF94-BE829BB5D0FE}"
EndProject
Project("{FAE04EC0-301F-11D3-BF4B-00C04F79EFBC}") = "SliderPuzzleApp.Windows", "SliderPuzzleApp\SliderPuzzleApp.Windows\SliderPuzzleApp.Windows.csproj", "{093C805B-CA0F-4499-96B4-196184BF2117}"
EndProject
Global
	GlobalSection(SolutionConfigurationPlatforms) = preSolution
		Ad-Hoc|Any CPU = Ad-Hoc|Any CPU
		Ad-Hoc|ARM = Ad-Hoc|ARM
		Ad-Hoc|iPhone = Ad-Hoc|iPhone
		Ad-Hoc|iPhoneSimulator = Ad-Hoc|iPhoneSimulator
		Ad-Hoc|x64 = Ad-Hoc|x64
		Ad-Hoc|x86 = Ad-Hoc|x86
		AppStore|Any CPU = AppStore|Any CPU
		AppStore|ARM = AppStore|ARM
		AppStore|iPhone = AppStore|iPhone
		AppStore|iPhoneSimulator = AppStore|iPhoneSimulator
		AppStore|x64 = AppStore|x64
		AppStore|x86 = AppStore|x86
		Debug|Any CPU = Debug|Any CPU
		Debug|ARM = Debug|ARM
		Debug|iPhone = Debug|iPhone
		Debug|iPhoneSimulator = Debug|iPhoneSimulator
		Debug|x64 = Debug|x64
		Debug|x86 = Debug|x86
		Release|Any CPU = Release|Any CPU
		Release|ARM = Release|ARM
		Release|iPhone = Release|iPhone
		Release|iPhoneSimulator = Release|iPhoneSimulator
		Release|x64 = Release|x64
		Release|x86 = Release|x86
	EndGlobalSection
	GlobalSection(ProjectConfigurationPlatforms) = postSolution
		{5EC0FE09-B960-4515-89D3-1E3E3BF57660}.Ad-Hoc|Any CPU.ActiveCfg = Release|Any CPU
		{5EC0FE09-B960-4515-89D3-1E3E3BF57660}.Ad-Hoc|Any CPU.Build.0 = Release|Any CPU
		{5EC0FE09-B960-4515-89D3-1E3E3BF57660}.Ad-Hoc|ARM.ActiveCfg = Release|Any CPU
		{5EC0FE09-B960-4515-89D3-1E3E3BF57660}.Ad-Hoc|ARM.Build.0 = Release|Any CPU
		{5EC0FE09-B960-4515-89D3-1E3E3BF57660}.Ad-Hoc|iPhone.ActiveCfg = Release|Any CPU
		{5EC0FE09-B960-4515-89D3-1E3E3BF57660}.Ad-Hoc|iPhone.Build.0 = Release|Any CPU
		{5EC0FE09-B960-4515-89D3-1E3E3BF57660}.Ad-Hoc|iPhoneSimulator.ActiveCfg = Release|Any CPU
		{5EC0FE09-B960-4515-89D3-1E3E3BF57660}.Ad-Hoc|iPhoneSimulator.Build.0 = Release|Any CPU
		{5EC0FE09-B960-4515-89D3-1E3E3BF57660}.Ad-Hoc|x64.ActiveCfg = Release|Any CPU
		{5EC0FE09-B960-4515-89D3-1E3E3BF57660}.Ad-Hoc|x64.Build.0 = Release|Any CPU
		{5EC0FE09-B960-4515-89D3-1E3E3BF57660}.Ad-Hoc|x86.ActiveCfg = Release|Any CPU
		{5EC0FE09-B960-4515-89D3-1E3E3BF57660}.Ad-Hoc|x86.Build.0 = Release|Any CPU
		{5EC0FE09-B960-4515-89D3-1E3E3BF57660}.AppStore|Any CPU.ActiveCfg = Release|Any CPU
		{5EC0FE09-B960-4515-89D3-1E3E3BF57660}.AppStore|Any CPU.Build.0 = Release|Any CPU
		{5EC0FE09-B960-4515-89D3-1E3E3BF57660}.AppStore|ARM.ActiveCfg = Release|Any CPU
		{5EC0FE09-B960-4515-89D3-1E3E3BF57660}.AppStore|ARM.Build.0 = Release|Any CPU
		{5EC0FE09-B960-4515-89D3-1E3E3BF57660}.AppStore|iPhone.ActiveCfg = Release|Any CPU
		{5EC0FE09-B960-4515-89D3-1E3E3BF57660}.AppStore|iPhone.Build.0 = Release|Any CPU
		{5EC0FE09-B960-4515-89D3-1E3E3BF57660}.AppStore|iPhoneSimulator.ActiveCfg = Release|Any CPU
		{5EC0FE09-B960-4515-89D3-1E3E3BF57660}.AppStore|iPhoneSimulator.Build.0 = Release|Any CPU
		{5EC0FE09-B960-4515-89D3-1E3E3BF57660}.AppStore|x64.ActiveCfg = Release|Any CPU
		{5EC0FE09-B960-4515-89D3-1E3E3BF57660}.AppStore|x64.Build.0 = Release|Any CPU
		{5EC0FE09-B960-4515-89D3-1E3E3BF57660}.AppStore|x86.ActiveCfg = Release|Any CPU
		{5EC0FE09-B960-4515-89D3-1E3E3BF57660}.AppStore|x86.Build.0 = Release|Any CPU
		{5EC0FE09-B960-4515-89D3-1E3E3BF57660}.Debug|Any CPU.ActiveCfg = Debug|Any CPU
		{5EC0FE09-B960-4515-89D3-1E3E3BF57660}.Debug|Any CPU.Build.0 = Debug|Any CPU
		{5EC0FE09-B960-4515-89D3-1E3E3BF57660}.Debug|ARM.ActiveCfg = Debug|Any CPU
		{5EC0FE09-B960-4515-89D3-1E3E3BF57660}.Debug|ARM.Build.0 = Debug|Any CPU
		{5EC0FE09-B960-4515-89D3-1E3E3BF57660}.Debug|iPhone.ActiveCfg = Debug|Any CPU
		{5EC0FE09-B960-4515-89D3-1E3E3BF57660}.Debug|iPhone.Build.0 = Debug|Any CPU
		{5EC0FE09-B960-4515-89D3-1E3E3BF57660}.Debug|iPhoneSimulator.ActiveCfg = Debug|Any CPU
		{5EC0FE09-B960-4515-89D3-1E3E3BF57660}.Debug|iPhoneSimulator.Build.0 = Debug|Any CPU
		{5EC0FE09-B960-4515-89D3-1E3E3BF57660}.Debug|x64.ActiveCfg = Debug|Any CPU
		{5EC0FE09-B960-4515-89D3-1E3E3BF57660}.Debug|x64.Build.0 = Debug|Any CPU
		{5EC0FE09-B960-4515-89D3-1E3E3BF57660}.Debug|x86.ActiveCfg = Debug|Any CPU
		{5EC0FE09-B960-4515-89D3-1E3E3BF57660}.Debug|x86.Build.0 = Debug|Any CPU
		{5EC0FE09-B960-4515-89D3-1E3E3BF57660}.Release|Any CPU.ActiveCfg = Release|Any CPU
		{5EC0FE09-B960-4515-89D3-1E3E3BF57660}.Release|Any CPU.Build.0 = Release|Any CPU
		{5EC0FE09-B960-4515-89D3-1E3E3BF57660}.Release|ARM.ActiveCfg = Release|Any CPU
		{5EC0FE09-B960-4515-89D3-1E3E3BF57660}.Release|ARM.Build.0 = Release|Any CPU
		{5EC0FE09-B960-4515-89D3-1E3E3BF57660}.Release|iPhone.ActiveCfg = Release|Any CPU
		{5EC0FE09-B960-4515-89D3-1E3E3BF57660}.Release|iPhone.Build.0 = Release|Any CPU
		{5EC0FE09-B960-4515-89D3-1E3E3BF57660}.Release|iPhoneSimulator.ActiveCfg = Release|Any CPU
		{5EC0FE09-B960-4515-89D3-1E3E3BF57660}.Release|iPhoneSimulator.Build.0 = Release|Any CPU
		{5EC0FE09-B960-4515-89D3-1E3E3BF57660}.Release|x64.ActiveCfg = Release|Any CPU
		{5EC0FE09-B960-4515-89D3-1E3E3BF57660}.Release|x64.Build.0 = Release|Any CPU
		{5EC0FE09-B960-4515-89D3-1E3E3BF57660}.Release|x86.ActiveCfg = Release|Any CPU
		{5EC0FE09-B960-4515-89D3-1E3E3BF57660}.Release|x86.Build.0 = Release|Any CPU
		{B8C10D3D-3A8A-4D1A-95F9-424CFF300D0A}.Ad-Hoc|Any CPU.ActiveCfg = Release|Any CPU
		{B8C10D3D-3A8A-4D1A-95F9-424CFF300D0A}.Ad-Hoc|Any CPU.Build.0 = Release|Any CPU
		{B8C10D3D-3A8A-4D1A-95F9-424CFF300D0A}.Ad-Hoc|Any CPU.Deploy.0 = Release|Any CPU
		{B8C10D3D-3A8A-4D1A-95F9-424CFF300D0A}.Ad-Hoc|ARM.ActiveCfg = Release|Any CPU
		{B8C10D3D-3A8A-4D1A-95F9-424CFF300D0A}.Ad-Hoc|ARM.Build.0 = Release|Any CPU
		{B8C10D3D-3A8A-4D1A-95F9-424CFF300D0A}.Ad-Hoc|ARM.Deploy.0 = Release|Any CPU
		{B8C10D3D-3A8A-4D1A-95F9-424CFF300D0A}.Ad-Hoc|iPhone.ActiveCfg = Release|Any CPU
		{B8C10D3D-3A8A-4D1A-95F9-424CFF300D0A}.Ad-Hoc|iPhone.Build.0 = Release|Any CPU
		{B8C10D3D-3A8A-4D1A-95F9-424CFF300D0A}.Ad-Hoc|iPhone.Deploy.0 = Release|Any CPU
		{B8C10D3D-3A8A-4D1A-95F9-424CFF300D0A}.Ad-Hoc|iPhoneSimulator.ActiveCfg = Release|Any CPU
		{B8C10D3D-3A8A-4D1A-95F9-424CFF300D0A}.Ad-Hoc|iPhoneSimulator.Build.0 = Release|Any CPU
		{B8C10D3D-3A8A-4D1A-95F9-424CFF300D0A}.Ad-Hoc|iPhoneSimulator.Deploy.0 = Release|Any CPU
		{B8C10D3D-3A8A-4D1A-95F9-424CFF300D0A}.Ad-Hoc|x64.ActiveCfg = Release|Any CPU
		{B8C10D3D-3A8A-4D1A-95F9-424CFF300D0A}.Ad-Hoc|x64.Build.0 = Release|Any CPU
		{B8C10D3D-3A8A-4D1A-95F9-424CFF300D0A}.Ad-Hoc|x64.Deploy.0 = Release|Any CPU
		{B8C10D3D-3A8A-4D1A-95F9-424CFF300D0A}.Ad-Hoc|x86.ActiveCfg = Release|Any CPU
		{B8C10D3D-3A8A-4D1A-95F9-424CFF300D0A}.Ad-Hoc|x86.Build.0 = Release|Any CPU
		{B8C10D3D-3A8A-4D1A-95F9-424CFF300D0A}.Ad-Hoc|x86.Deploy.0 = Release|Any CPU
		{B8C10D3D-3A8A-4D1A-95F9-424CFF300D0A}.AppStore|Any CPU.ActiveCfg = Release|Any CPU
		{B8C10D3D-3A8A-4D1A-95F9-424CFF300D0A}.AppStore|Any CPU.Build.0 = Release|Any CPU
		{B8C10D3D-3A8A-4D1A-95F9-424CFF300D0A}.AppStore|Any CPU.Deploy.0 = Release|Any CPU
		{B8C10D3D-3A8A-4D1A-95F9-424CFF300D0A}.AppStore|ARM.ActiveCfg = Release|Any CPU
		{B8C10D3D-3A8A-4D1A-95F9-424CFF300D0A}.AppStore|ARM.Build.0 = Release|Any CPU
		{B8C10D3D-3A8A-4D1A-95F9-424CFF300D0A}.AppStore|ARM.Deploy.0 = Release|Any CPU
		{B8C10D3D-3A8A-4D1A-95F9-424CFF300D0A}.AppStore|iPhone.ActiveCfg = Release|Any CPU
		{B8C10D3D-3A8A-4D1A-95F9-424CFF300D0A}.AppStore|iPhone.Build.0 = Release|Any CPU
		{B8C10D3D-3A8A-4D1A-95F9-424CFF300D0A}.AppStore|iPhone.Deploy.0 = Release|Any CPU
		{B8C10D3D-3A8A-4D1A-95F9-424CFF300D0A}.AppStore|iPhoneSimulator.ActiveCfg = Release|Any CPU
		{B8C10D3D-3A8A-4D1A-95F9-424CFF300D0A}.AppStore|iPhoneSimulator.Build.0 = Release|Any CPU
		{B8C10D3D-3A8A-4D1A-95F9-424CFF300D0A}.AppStore|iPhoneSimulator.Deploy.0 = Release|Any CPU
		{B8C10D3D-3A8A-4D1A-95F9-424CFF300D0A}.AppStore|x64.ActiveCfg = Release|Any CPU
		{B8C10D3D-3A8A-4D1A-95F9-424CFF300D0A}.AppStore|x64.Build.0 = Release|Any CPU
		{B8C10D3D-3A8A-4D1A-95F9-424CFF300D0A}.AppStore|x64.Deploy.0 = Release|Any CPU
		{B8C10D3D-3A8A-4D1A-95F9-424CFF300D0A}.AppStore|x86.ActiveCfg = Release|Any CPU
		{B8C10D3D-3A8A-4D1A-95F9-424CFF300D0A}.AppStore|x86.Build.0 = Release|Any CPU
		{B8C10D3D-3A8A-4D1A-95F9-424CFF300D0A}.AppStore|x86.Deploy.0 = Release|Any CPU
		{B8C10D3D-3A8A-4D1A-95F9-424CFF300D0A}.Debug|Any CPU.ActiveCfg = Debug|Any CPU
		{B8C10D3D-3A8A-4D1A-95F9-424CFF300D0A}.Debug|Any CPU.Build.0 = Debug|Any CPU
		{B8C10D3D-3A8A-4D1A-95F9-424CFF300D0A}.Debug|Any CPU.Deploy.0 = Debug|Any CPU
		{B8C10D3D-3A8A-4D1A-95F9-424CFF300D0A}.Debug|ARM.ActiveCfg = Debug|Any CPU
		{B8C10D3D-3A8A-4D1A-95F9-424CFF300D0A}.Debug|ARM.Build.0 = Debug|Any CPU
		{B8C10D3D-3A8A-4D1A-95F9-424CFF300D0A}.Debug|ARM.Deploy.0 = Debug|Any CPU
		{B8C10D3D-3A8A-4D1A-95F9-424CFF300D0A}.Debug|iPhone.ActiveCfg = Debug|Any CPU
		{B8C10D3D-3A8A-4D1A-95F9-424CFF300D0A}.Debug|iPhone.Build.0 = Debug|Any CPU
		{B8C10D3D-3A8A-4D1A-95F9-424CFF300D0A}.Debug|iPhone.Deploy.0 = Debug|Any CPU
		{B8C10D3D-3A8A-4D1A-95F9-424CFF300D0A}.Debug|iPhoneSimulator.ActiveCfg = Debug|Any CPU
		{B8C10D3D-3A8A-4D1A-95F9-424CFF300D0A}.Debug|iPhoneSimulator.Build.0 = Debug|Any CPU
		{B8C10D3D-3A8A-4D1A-95F9-424CFF300D0A}.Debug|iPhoneSimulator.Deploy.0 = Debug|Any CPU
		{B8C10D3D-3A8A-4D1A-95F9-424CFF300D0A}.Debug|x64.ActiveCfg = Debug|Any CPU
		{B8C10D3D-3A8A-4D1A-95F9-424CFF300D0A}.Debug|x64.Build.0 = Debug|Any CPU
		{B8C10D3D-3A8A-4D1A-95F9-424CFF300D0A}.Debug|x64.Deploy.0 = Debug|Any CPU
		{B8C10D3D-3A8A-4D1A-95F9-424CFF300D0A}.Debug|x86.ActiveCfg = Debug|Any CPU
		{B8C10D3D-3A8A-4D1A-95F9-424CFF300D0A}.Debug|x86.Build.0 = Debug|Any CPU
		{B8C10D3D-3A8A-4D1A-95F9-424CFF300D0A}.Debug|x86.Deploy.0 = Debug|Any CPU
		{B8C10D3D-3A8A-4D1A-95F9-424CFF300D0A}.Release|Any CPU.ActiveCfg = Release|Any CPU
		{B8C10D3D-3A8A-4D1A-95F9-424CFF300D0A}.Release|Any CPU.Build.0 = Release|Any CPU
		{B8C10D3D-3A8A-4D1A-95F9-424CFF300D0A}.Release|Any CPU.Deploy.0 = Release|Any CPU
		{B8C10D3D-3A8A-4D1A-95F9-424CFF300D0A}.Release|ARM.ActiveCfg = Release|Any CPU
		{B8C10D3D-3A8A-4D1A-95F9-424CFF300D0A}.Release|ARM.Build.0 = Release|Any CPU
		{B8C10D3D-3A8A-4D1A-95F9-424CFF300D0A}.Release|ARM.Deploy.0 = Release|Any CPU
		{B8C10D3D-3A8A-4D1A-95F9-424CFF300D0A}.Release|iPhone.ActiveCfg = Release|Any CPU
		{B8C10D3D-3A8A-4D1A-95F9-424CFF300D0A}.Release|iPhone.Build.0 = Release|Any CPU
		{B8C10D3D-3A8A-4D1A-95F9-424CFF300D0A}.Release|iPhone.Deploy.0 = Release|Any CPU
		{B8C10D3D-3A8A-4D1A-95F9-424CFF300D0A}.Release|iPhoneSimulator.ActiveCfg = Release|Any CPU
		{B8C10D3D-3A8A-4D1A-95F9-424CFF300D0A}.Release|iPhoneSimulator.Build.0 = Release|Any CPU
		{B8C10D3D-3A8A-4D1A-95F9-424CFF300D0A}.Release|iPhoneSimulator.Deploy.0 = Release|Any CPU
		{B8C10D3D-3A8A-4D1A-95F9-424CFF300D0A}.Release|x64.ActiveCfg = Release|Any CPU
		{B8C10D3D-3A8A-4D1A-95F9-424CFF300D0A}.Release|x64.Build.0 = Release|Any CPU
		{B8C10D3D-3A8A-4D1A-95F9-424CFF300D0A}.Release|x64.Deploy.0 = Release|Any CPU
		{B8C10D3D-3A8A-4D1A-95F9-424CFF300D0A}.Release|x86.ActiveCfg = Release|Any CPU
		{B8C10D3D-3A8A-4D1A-95F9-424CFF300D0A}.Release|x86.Build.0 = Release|Any CPU
		{B8C10D3D-3A8A-4D1A-95F9-424CFF300D0A}.Release|x86.Deploy.0 = Release|Any CPU
		{17544529-D182-4397-BDB4-0EA0C378D790}.Ad-Hoc|Any CPU.ActiveCfg = Ad-Hoc|iPhone
		{17544529-D182-4397-BDB4-0EA0C378D790}.Ad-Hoc|ARM.ActiveCfg = Ad-Hoc|iPhone
		{17544529-D182-4397-BDB4-0EA0C378D790}.Ad-Hoc|iPhone.ActiveCfg = Ad-Hoc|iPhone
		{17544529-D182-4397-BDB4-0EA0C378D790}.Ad-Hoc|iPhone.Build.0 = Ad-Hoc|iPhone
		{17544529-D182-4397-BDB4-0EA0C378D790}.Ad-Hoc|iPhoneSimulator.ActiveCfg = Ad-Hoc|iPhoneSimulator
		{17544529-D182-4397-BDB4-0EA0C378D790}.Ad-Hoc|iPhoneSimulator.Build.0 = Ad-Hoc|iPhoneSimulator
		{17544529-D182-4397-BDB4-0EA0C378D790}.Ad-Hoc|x64.ActiveCfg = Ad-Hoc|iPhone
		{17544529-D182-4397-BDB4-0EA0C378D790}.Ad-Hoc|x86.ActiveCfg = Ad-Hoc|iPhone
		{17544529-D182-4397-BDB4-0EA0C378D790}.AppStore|Any CPU.ActiveCfg = AppStore|iPhone
		{17544529-D182-4397-BDB4-0EA0C378D790}.AppStore|ARM.ActiveCfg = AppStore|iPhone
		{17544529-D182-4397-BDB4-0EA0C378D790}.AppStore|iPhone.ActiveCfg = AppStore|iPhone
		{17544529-D182-4397-BDB4-0EA0C378D790}.AppStore|iPhone.Build.0 = AppStore|iPhone
		{17544529-D182-4397-BDB4-0EA0C378D790}.AppStore|iPhoneSimulator.ActiveCfg = AppStore|iPhoneSimulator
		{17544529-D182-4397-BDB4-0EA0C378D790}.AppStore|iPhoneSimulator.Build.0 = AppStore|iPhoneSimulator
		{17544529-D182-4397-BDB4-0EA0C378D790}.AppStore|x64.ActiveCfg = AppStore|iPhone
		{17544529-D182-4397-BDB4-0EA0C378D790}.AppStore|x86.ActiveCfg = AppStore|iPhone
		{17544529-D182-4397-BDB4-0EA0C378D790}.Debug|Any CPU.ActiveCfg = Debug|iPhone
		{17544529-D182-4397-BDB4-0EA0C378D790}.Debug|ARM.ActiveCfg = Debug|iPhone
		{17544529-D182-4397-BDB4-0EA0C378D790}.Debug|iPhone.ActiveCfg = Debug|iPhone
		{17544529-D182-4397-BDB4-0EA0C378D790}.Debug|iPhone.Build.0 = Debug|iPhone
		{17544529-D182-4397-BDB4-0EA0C378D790}.Debug|iPhoneSimulator.ActiveCfg = Debug|iPhoneSimulator
		{17544529-D182-4397-BDB4-0EA0C378D790}.Debug|iPhoneSimulator.Build.0 = Debug|iPhoneSimulator
		{17544529-D182-4397-BDB4-0EA0C378D790}.Debug|x64.ActiveCfg = Debug|iPhone
		{17544529-D182-4397-BDB4-0EA0C378D790}.Debug|x86.ActiveCfg = Debug|iPhone
		{17544529-D182-4397-BDB4-0EA0C378D790}.Release|Any CPU.ActiveCfg = Release|iPhone
		{17544529-D182-4397-BDB4-0EA0C378D790}.Release|ARM.ActiveCfg = Release|iPhone
		{17544529-D182-4397-BDB4-0EA0C378D790}.Release|iPhone.ActiveCfg = Release|iPhone
		{17544529-D182-4397-BDB4-0EA0C378D790}.Release|iPhone.Build.0 = Release|iPhone
		{17544529-D182-4397-BDB4-0EA0C378D790}.Release|iPhoneSimulator.ActiveCfg = Release|iPhoneSimulator
		{17544529-D182-4397-BDB4-0EA0C378D790}.Release|iPhoneSimulator.Build.0 = Release|iPhoneSimulator
		{17544529-D182-4397-BDB4-0EA0C378D790}.Release|x64.ActiveCfg = Release|iPhone
		{17544529-D182-4397-BDB4-0EA0C378D790}.Release|x86.ActiveCfg = Release|iPhone
		{FAD3DE09-C465-420B-A3E8-5A1C7922730D}.Ad-Hoc|Any CPU.ActiveCfg = Release|Any CPU
		{FAD3DE09-C465-420B-A3E8-5A1C7922730D}.Ad-Hoc|Any CPU.Build.0 = Release|Any CPU
		{FAD3DE09-C465-420B-A3E8-5A1C7922730D}.Ad-Hoc|Any CPU.Deploy.0 = Release|Any CPU
		{FAD3DE09-C465-420B-A3E8-5A1C7922730D}.Ad-Hoc|ARM.ActiveCfg = Release|ARM
		{FAD3DE09-C465-420B-A3E8-5A1C7922730D}.Ad-Hoc|ARM.Build.0 = Release|ARM
		{FAD3DE09-C465-420B-A3E8-5A1C7922730D}.Ad-Hoc|ARM.Deploy.0 = Release|ARM
		{FAD3DE09-C465-420B-A3E8-5A1C7922730D}.Ad-Hoc|iPhone.ActiveCfg = Release|Any CPU
		{FAD3DE09-C465-420B-A3E8-5A1C7922730D}.Ad-Hoc|iPhone.Build.0 = Release|Any CPU
		{FAD3DE09-C465-420B-A3E8-5A1C7922730D}.Ad-Hoc|iPhone.Deploy.0 = Release|Any CPU
		{FAD3DE09-C465-420B-A3E8-5A1C7922730D}.Ad-Hoc|iPhoneSimulator.ActiveCfg = Release|Any CPU
		{FAD3DE09-C465-420B-A3E8-5A1C7922730D}.Ad-Hoc|iPhoneSimulator.Build.0 = Release|Any CPU
		{FAD3DE09-C465-420B-A3E8-5A1C7922730D}.Ad-Hoc|iPhoneSimulator.Deploy.0 = Release|Any CPU
		{FAD3DE09-C465-420B-A3E8-5A1C7922730D}.Ad-Hoc|x64.ActiveCfg = Release|Any CPU
		{FAD3DE09-C465-420B-A3E8-5A1C7922730D}.Ad-Hoc|x64.Build.0 = Release|Any CPU
		{FAD3DE09-C465-420B-A3E8-5A1C7922730D}.Ad-Hoc|x64.Deploy.0 = Release|Any CPU
		{FAD3DE09-C465-420B-A3E8-5A1C7922730D}.Ad-Hoc|x86.ActiveCfg = Release|x86
		{FAD3DE09-C465-420B-A3E8-5A1C7922730D}.Ad-Hoc|x86.Build.0 = Release|x86
		{FAD3DE09-C465-420B-A3E8-5A1C7922730D}.Ad-Hoc|x86.Deploy.0 = Release|x86
		{FAD3DE09-C465-420B-A3E8-5A1C7922730D}.AppStore|Any CPU.ActiveCfg = Release|Any CPU
		{FAD3DE09-C465-420B-A3E8-5A1C7922730D}.AppStore|Any CPU.Build.0 = Release|Any CPU
		{FAD3DE09-C465-420B-A3E8-5A1C7922730D}.AppStore|Any CPU.Deploy.0 = Release|Any CPU
		{FAD3DE09-C465-420B-A3E8-5A1C7922730D}.AppStore|ARM.ActiveCfg = Release|ARM
		{FAD3DE09-C465-420B-A3E8-5A1C7922730D}.AppStore|ARM.Build.0 = Release|ARM
		{FAD3DE09-C465-420B-A3E8-5A1C7922730D}.AppStore|ARM.Deploy.0 = Release|ARM
		{FAD3DE09-C465-420B-A3E8-5A1C7922730D}.AppStore|iPhone.ActiveCfg = Release|Any CPU
		{FAD3DE09-C465-420B-A3E8-5A1C7922730D}.AppStore|iPhone.Build.0 = Release|Any CPU
		{FAD3DE09-C465-420B-A3E8-5A1C7922730D}.AppStore|iPhone.Deploy.0 = Release|Any CPU
		{FAD3DE09-C465-420B-A3E8-5A1C7922730D}.AppStore|iPhoneSimulator.ActiveCfg = Release|Any CPU
		{FAD3DE09-C465-420B-A3E8-5A1C7922730D}.AppStore|iPhoneSimulator.Build.0 = Release|Any CPU
		{FAD3DE09-C465-420B-A3E8-5A1C7922730D}.AppStore|iPhoneSimulator.Deploy.0 = Release|Any CPU
		{FAD3DE09-C465-420B-A3E8-5A1C7922730D}.AppStore|x64.ActiveCfg = Release|Any CPU
		{FAD3DE09-C465-420B-A3E8-5A1C7922730D}.AppStore|x64.Build.0 = Release|Any CPU
		{FAD3DE09-C465-420B-A3E8-5A1C7922730D}.AppStore|x64.Deploy.0 = Release|Any CPU
		{FAD3DE09-C465-420B-A3E8-5A1C7922730D}.AppStore|x86.ActiveCfg = Release|x86
		{FAD3DE09-C465-420B-A3E8-5A1C7922730D}.AppStore|x86.Build.0 = Release|x86
		{FAD3DE09-C465-420B-A3E8-5A1C7922730D}.AppStore|x86.Deploy.0 = Release|x86
		{FAD3DE09-C465-420B-A3E8-5A1C7922730D}.Debug|Any CPU.ActiveCfg = Debug|Any CPU
		{FAD3DE09-C465-420B-A3E8-5A1C7922730D}.Debug|Any CPU.Build.0 = Debug|Any CPU
		{FAD3DE09-C465-420B-A3E8-5A1C7922730D}.Debug|Any CPU.Deploy.0 = Debug|Any CPU
		{FAD3DE09-C465-420B-A3E8-5A1C7922730D}.Debug|ARM.ActiveCfg = Debug|ARM
		{FAD3DE09-C465-420B-A3E8-5A1C7922730D}.Debug|ARM.Build.0 = Debug|ARM
		{FAD3DE09-C465-420B-A3E8-5A1C7922730D}.Debug|ARM.Deploy.0 = Debug|ARM
		{FAD3DE09-C465-420B-A3E8-5A1C7922730D}.Debug|iPhone.ActiveCfg = Debug|Any CPU
		{FAD3DE09-C465-420B-A3E8-5A1C7922730D}.Debug|iPhone.Build.0 = Debug|Any CPU
		{FAD3DE09-C465-420B-A3E8-5A1C7922730D}.Debug|iPhone.Deploy.0 = Debug|Any CPU
		{FAD3DE09-C465-420B-A3E8-5A1C7922730D}.Debug|iPhoneSimulator.ActiveCfg = Debug|Any CPU
		{FAD3DE09-C465-420B-A3E8-5A1C7922730D}.Debug|iPhoneSimulator.Build.0 = Debug|Any CPU
		{FAD3DE09-C465-420B-A3E8-5A1C7922730D}.Debug|iPhoneSimulator.Deploy.0 = Debug|Any CPU
		{FAD3DE09-C465-420B-A3E8-5A1C7922730D}.Debug|x64.ActiveCfg = Debug|Any CPU
		{FAD3DE09-C465-420B-A3E8-5A1C7922730D}.Debug|x64.Build.0 = Debug|Any CPU
		{FAD3DE09-C465-420B-A3E8-5A1C7922730D}.Debug|x64.Deploy.0 = Debug|Any CPU
		{FAD3DE09-C465-420B-A3E8-5A1C7922730D}.Debug|x86.ActiveCfg = Debug|x86
		{FAD3DE09-C465-420B-A3E8-5A1C7922730D}.Debug|x86.Build.0 = Debug|x86
		{FAD3DE09-C465-420B-A3E8-5A1C7922730D}.Debug|x86.Deploy.0 = Debug|x86
		{FAD3DE09-C465-420B-A3E8-5A1C7922730D}.Release|Any CPU.ActiveCfg = Release|Any CPU
		{FAD3DE09-C465-420B-A3E8-5A1C7922730D}.Release|Any CPU.Build.0 = Release|Any CPU
		{FAD3DE09-C465-420B-A3E8-5A1C7922730D}.Release|Any CPU.Deploy.0 = Release|Any CPU
		{FAD3DE09-C465-420B-A3E8-5A1C7922730D}.Release|ARM.ActiveCfg = Release|ARM
		{FAD3DE09-C465-420B-A3E8-5A1C7922730D}.Release|ARM.Build.0 = Release|ARM
		{FAD3DE09-C465-420B-A3E8-5A1C7922730D}.Release|ARM.Deploy.0 = Release|ARM
		{FAD3DE09-C465-420B-A3E8-5A1C7922730D}.Release|iPhone.ActiveCfg = Release|Any CPU
		{FAD3DE09-C465-420B-A3E8-5A1C7922730D}.Release|iPhone.Build.0 = Release|Any CPU
		{FAD3DE09-C465-420B-A3E8-5A1C7922730D}.Release|iPhone.Deploy.0 = Release|Any CPU
		{FAD3DE09-C465-420B-A3E8-5A1C7922730D}.Release|iPhoneSimulator.ActiveCfg = Release|Any CPU
		{FAD3DE09-C465-420B-A3E8-5A1C7922730D}.Release|iPhoneSimulator.Build.0 = Release|Any CPU
		{FAD3DE09-C465-420B-A3E8-5A1C7922730D}.Release|iPhoneSimulator.Deploy.0 = Release|Any CPU
		{FAD3DE09-C465-420B-A3E8-5A1C7922730D}.Release|x64.ActiveCfg = Release|Any CPU
		{FAD3DE09-C465-420B-A3E8-5A1C7922730D}.Release|x64.Build.0 = Release|Any CPU
		{FAD3DE09-C465-420B-A3E8-5A1C7922730D}.Release|x64.Deploy.0 = Release|Any CPU
		{FAD3DE09-C465-420B-A3E8-5A1C7922730D}.Release|x86.ActiveCfg = Release|x86
		{FAD3DE09-C465-420B-A3E8-5A1C7922730D}.Release|x86.Build.0 = Release|x86
		{FAD3DE09-C465-420B-A3E8-5A1C7922730D}.Release|x86.Deploy.0 = Release|x86
		{D27F67A2-0152-40DA-BF94-BE829BB5D0FE}.Ad-Hoc|Any CPU.ActiveCfg = Release|x86
		{D27F67A2-0152-40DA-BF94-BE829BB5D0FE}.Ad-Hoc|Any CPU.Build.0 = Release|x86
		{D27F67A2-0152-40DA-BF94-BE829BB5D0FE}.Ad-Hoc|Any CPU.Deploy.0 = Release|x86
		{D27F67A2-0152-40DA-BF94-BE829BB5D0FE}.Ad-Hoc|ARM.ActiveCfg = Release|ARM
		{D27F67A2-0152-40DA-BF94-BE829BB5D0FE}.Ad-Hoc|ARM.Build.0 = Release|ARM
		{D27F67A2-0152-40DA-BF94-BE829BB5D0FE}.Ad-Hoc|ARM.Deploy.0 = Release|ARM
		{D27F67A2-0152-40DA-BF94-BE829BB5D0FE}.Ad-Hoc|iPhone.ActiveCfg = Release|x86
		{D27F67A2-0152-40DA-BF94-BE829BB5D0FE}.Ad-Hoc|iPhone.Build.0 = Release|x86
		{D27F67A2-0152-40DA-BF94-BE829BB5D0FE}.Ad-Hoc|iPhone.Deploy.0 = Release|x86
		{D27F67A2-0152-40DA-BF94-BE829BB5D0FE}.Ad-Hoc|iPhoneSimulator.ActiveCfg = Release|x86
		{D27F67A2-0152-40DA-BF94-BE829BB5D0FE}.Ad-Hoc|iPhoneSimulator.Build.0 = Release|x86
		{D27F67A2-0152-40DA-BF94-BE829BB5D0FE}.Ad-Hoc|iPhoneSimulator.Deploy.0 = Release|x86
		{D27F67A2-0152-40DA-BF94-BE829BB5D0FE}.Ad-Hoc|x64.ActiveCfg = Release|x64
		{D27F67A2-0152-40DA-BF94-BE829BB5D0FE}.Ad-Hoc|x64.Build.0 = Release|x64
		{D27F67A2-0152-40DA-BF94-BE829BB5D0FE}.Ad-Hoc|x64.Deploy.0 = Release|x64
		{D27F67A2-0152-40DA-BF94-BE829BB5D0FE}.Ad-Hoc|x86.ActiveCfg = Release|x86
		{D27F67A2-0152-40DA-BF94-BE829BB5D0FE}.Ad-Hoc|x86.Build.0 = Release|x86
		{D27F67A2-0152-40DA-BF94-BE829BB5D0FE}.Ad-Hoc|x86.Deploy.0 = Release|x86
		{D27F67A2-0152-40DA-BF94-BE829BB5D0FE}.AppStore|Any CPU.ActiveCfg = Release|x86
		{D27F67A2-0152-40DA-BF94-BE829BB5D0FE}.AppStore|Any CPU.Build.0 = Release|x86
		{D27F67A2-0152-40DA-BF94-BE829BB5D0FE}.AppStore|Any CPU.Deploy.0 = Release|x86
		{D27F67A2-0152-40DA-BF94-BE829BB5D0FE}.AppStore|ARM.ActiveCfg = Release|ARM
		{D27F67A2-0152-40DA-BF94-BE829BB5D0FE}.AppStore|ARM.Build.0 = Release|ARM
		{D27F67A2-0152-40DA-BF94-BE829BB5D0FE}.AppStore|ARM.Deploy.0 = Release|ARM
		{D27F67A2-0152-40DA-BF94-BE829BB5D0FE}.AppStore|iPhone.ActiveCfg = Release|x86
		{D27F67A2-0152-40DA-BF94-BE829BB5D0FE}.AppStore|iPhone.Build.0 = Release|x86
		{D27F67A2-0152-40DA-BF94-BE829BB5D0FE}.AppStore|iPhone.Deploy.0 = Release|x86
		{D27F67A2-0152-40DA-BF94-BE829BB5D0FE}.AppStore|iPhoneSimulator.ActiveCfg = Release|x86
		{D27F67A2-0152-40DA-BF94-BE829BB5D0FE}.AppStore|iPhoneSimulator.Build.0 = Release|x86
		{D27F67A2-0152-40DA-BF94-BE829BB5D0FE}.AppStore|iPhoneSimulator.Deploy.0 = Release|x86
		{D27F67A2-0152-40DA-BF94-BE829BB5D0FE}.AppStore|x64.ActiveCfg = Release|x64
		{D27F67A2-0152-40DA-BF94-BE829BB5D0FE}.AppStore|x64.Build.0 = Release|x64
		{D27F67A2-0152-40DA-BF94-BE829BB5D0FE}.AppStore|x64.Deploy.0 = Release|x64
		{D27F67A2-0152-40DA-BF94-BE829BB5D0FE}.AppStore|x86.ActiveCfg = Release|x86
		{D27F67A2-0152-40DA-BF94-BE829BB5D0FE}.AppStore|x86.Build.0 = Release|x86
		{D27F67A2-0152-40DA-BF94-BE829BB5D0FE}.AppStore|x86.Deploy.0 = Release|x86
		{D27F67A2-0152-40DA-BF94-BE829BB5D0FE}.Debug|Any CPU.ActiveCfg = Debug|x86
		{D27F67A2-0152-40DA-BF94-BE829BB5D0FE}.Debug|ARM.ActiveCfg = Debug|ARM
		{D27F67A2-0152-40DA-BF94-BE829BB5D0FE}.Debug|ARM.Build.0 = Debug|ARM
		{D27F67A2-0152-40DA-BF94-BE829BB5D0FE}.Debug|ARM.Deploy.0 = Debug|ARM
		{D27F67A2-0152-40DA-BF94-BE829BB5D0FE}.Debug|iPhone.ActiveCfg = Debug|x86
		{D27F67A2-0152-40DA-BF94-BE829BB5D0FE}.Debug|iPhoneSimulator.ActiveCfg = Debug|x86
		{D27F67A2-0152-40DA-BF94-BE829BB5D0FE}.Debug|x64.ActiveCfg = Debug|x64
		{D27F67A2-0152-40DA-BF94-BE829BB5D0FE}.Debug|x64.Build.0 = Debug|x64
		{D27F67A2-0152-40DA-BF94-BE829BB5D0FE}.Debug|x64.Deploy.0 = Debug|x64
		{D27F67A2-0152-40DA-BF94-BE829BB5D0FE}.Debug|x86.ActiveCfg = Debug|x86
		{D27F67A2-0152-40DA-BF94-BE829BB5D0FE}.Debug|x86.Build.0 = Debug|x86
		{D27F67A2-0152-40DA-BF94-BE829BB5D0FE}.Debug|x86.Deploy.0 = Debug|x86
		{D27F67A2-0152-40DA-BF94-BE829BB5D0FE}.Release|Any CPU.ActiveCfg = Release|x86
		{D27F67A2-0152-40DA-BF94-BE829BB5D0FE}.Release|ARM.ActiveCfg = Release|ARM
		{D27F67A2-0152-40DA-BF94-BE829BB5D0FE}.Release|ARM.Build.0 = Release|ARM
		{D27F67A2-0152-40DA-BF94-BE829BB5D0FE}.Release|ARM.Deploy.0 = Release|ARM
		{D27F67A2-0152-40DA-BF94-BE829BB5D0FE}.Release|iPhone.ActiveCfg = Release|x86
		{D27F67A2-0152-40DA-BF94-BE829BB5D0FE}.Release|iPhoneSimulator.ActiveCfg = Release|x86
		{D27F67A2-0152-40DA-BF94-BE829BB5D0FE}.Release|x64.ActiveCfg = Release|x64
		{D27F67A2-0152-40DA-BF94-BE829BB5D0FE}.Release|x64.Build.0 = Release|x64
		{D27F67A2-0152-40DA-BF94-BE829BB5D0FE}.Release|x64.Deploy.0 = Release|x64
		{D27F67A2-0152-40DA-BF94-BE829BB5D0FE}.Release|x86.ActiveCfg = Release|x86
		{D27F67A2-0152-40DA-BF94-BE829BB5D0FE}.Release|x86.Build.0 = Release|x86
		{D27F67A2-0152-40DA-BF94-BE829BB5D0FE}.Release|x86.Deploy.0 = Release|x86
		{093C805B-CA0F-4499-96B4-196184BF2117}.Ad-Hoc|Any CPU.ActiveCfg = Release|Any CPU
		{093C805B-CA0F-4499-96B4-196184BF2117}.Ad-Hoc|Any CPU.Build.0 = Release|Any CPU
		{093C805B-CA0F-4499-96B4-196184BF2117}.Ad-Hoc|Any CPU.Deploy.0 = Release|Any CPU
		{093C805B-CA0F-4499-96B4-196184BF2117}.Ad-Hoc|ARM.ActiveCfg = Release|ARM
		{093C805B-CA0F-4499-96B4-196184BF2117}.Ad-Hoc|ARM.Build.0 = Release|ARM
		{093C805B-CA0F-4499-96B4-196184BF2117}.Ad-Hoc|ARM.Deploy.0 = Release|ARM
		{093C805B-CA0F-4499-96B4-196184BF2117}.Ad-Hoc|iPhone.ActiveCfg = Release|Any CPU
		{093C805B-CA0F-4499-96B4-196184BF2117}.Ad-Hoc|iPhone.Build.0 = Release|Any CPU
		{093C805B-CA0F-4499-96B4-196184BF2117}.Ad-Hoc|iPhone.Deploy.0 = Release|Any CPU
		{093C805B-CA0F-4499-96B4-196184BF2117}.Ad-Hoc|iPhoneSimulator.ActiveCfg = Release|Any CPU
		{093C805B-CA0F-4499-96B4-196184BF2117}.Ad-Hoc|iPhoneSimulator.Build.0 = Release|Any CPU
		{093C805B-CA0F-4499-96B4-196184BF2117}.Ad-Hoc|iPhoneSimulator.Deploy.0 = Release|Any CPU
		{093C805B-CA0F-4499-96B4-196184BF2117}.Ad-Hoc|x64.ActiveCfg = Release|x64
		{093C805B-CA0F-4499-96B4-196184BF2117}.Ad-Hoc|x64.Build.0 = Release|x64
		{093C805B-CA0F-4499-96B4-196184BF2117}.Ad-Hoc|x64.Deploy.0 = Release|x64
		{093C805B-CA0F-4499-96B4-196184BF2117}.Ad-Hoc|x86.ActiveCfg = Release|x86
		{093C805B-CA0F-4499-96B4-196184BF2117}.Ad-Hoc|x86.Build.0 = Release|x86
		{093C805B-CA0F-4499-96B4-196184BF2117}.Ad-Hoc|x86.Deploy.0 = Release|x86
		{093C805B-CA0F-4499-96B4-196184BF2117}.AppStore|Any CPU.ActiveCfg = Release|Any CPU
		{093C805B-CA0F-4499-96B4-196184BF2117}.AppStore|Any CPU.Build.0 = Release|Any CPU
		{093C805B-CA0F-4499-96B4-196184BF2117}.AppStore|Any CPU.Deploy.0 = Release|Any CPU
		{093C805B-CA0F-4499-96B4-196184BF2117}.AppStore|ARM.ActiveCfg = Release|ARM
		{093C805B-CA0F-4499-96B4-196184BF2117}.AppStore|ARM.Build.0 = Release|ARM
		{093C805B-CA0F-4499-96B4-196184BF2117}.AppStore|ARM.Deploy.0 = Release|ARM
		{093C805B-CA0F-4499-96B4-196184BF2117}.AppStore|iPhone.ActiveCfg = Release|Any CPU
		{093C805B-CA0F-4499-96B4-196184BF2117}.AppStore|iPhone.Build.0 = Release|Any CPU
		{093C805B-CA0F-4499-96B4-196184BF2117}.AppStore|iPhone.Deploy.0 = Release|Any CPU
		{093C805B-CA0F-4499-96B4-196184BF2117}.AppStore|iPhoneSimulator.ActiveCfg = Release|Any CPU
		{093C805B-CA0F-4499-96B4-196184BF2117}.AppStore|iPhoneSimulator.Build.0 = Release|Any CPU
		{093C805B-CA0F-4499-96B4-196184BF2117}.AppStore|iPhoneSimulator.Deploy.0 = Release|Any CPU
		{093C805B-CA0F-4499-96B4-196184BF2117}.AppStore|x64.ActiveCfg = Release|x64
		{093C805B-CA0F-4499-96B4-196184BF2117}.AppStore|x64.Build.0 = Release|x64
		{093C805B-CA0F-4499-96B4-196184BF2117}.AppStore|x64.Deploy.0 = Release|x64
		{093C805B-CA0F-4499-96B4-196184BF2117}.AppStore|x86.ActiveCfg = Release|x86
		{093C805B-CA0F-4499-96B4-196184BF2117}.AppStore|x86.Build.0 = Release|x86
		{093C805B-CA0F-4499-96B4-196184BF2117}.AppStore|x86.Deploy.0 = Release|x86
		{093C805B-CA0F-4499-96B4-196184BF2117}.Debug|Any CPU.ActiveCfg = Debug|Any CPU
		{093C805B-CA0F-4499-96B4-196184BF2117}.Debug|Any CPU.Build.0 = Debug|Any CPU
		{093C805B-CA0F-4499-96B4-196184BF2117}.Debug|Any CPU.Deploy.0 = Debug|Any CPU
		{093C805B-CA0F-4499-96B4-196184BF2117}.Debug|ARM.ActiveCfg = Debug|ARM
		{093C805B-CA0F-4499-96B4-196184BF2117}.Debug|ARM.Build.0 = Debug|ARM
		{093C805B-CA0F-4499-96B4-196184BF2117}.Debug|ARM.Deploy.0 = Debug|ARM
		{093C805B-CA0F-4499-96B4-196184BF2117}.Debug|iPhone.ActiveCfg = Debug|Any CPU
		{093C805B-CA0F-4499-96B4-196184BF2117}.Debug|iPhone.Build.0 = Debug|Any CPU
		{093C805B-CA0F-4499-96B4-196184BF2117}.Debug|iPhone.Deploy.0 = Debug|Any CPU
		{093C805B-CA0F-4499-96B4-196184BF2117}.Debug|iPhoneSimulator.ActiveCfg = Debug|Any CPU
		{093C805B-CA0F-4499-96B4-196184BF2117}.Debug|iPhoneSimulator.Build.0 = Debug|Any CPU
		{093C805B-CA0F-4499-96B4-196184BF2117}.Debug|iPhoneSimulator.Deploy.0 = Debug|Any CPU
		{093C805B-CA0F-4499-96B4-196184BF2117}.Debug|x64.ActiveCfg = Debug|x64
		{093C805B-CA0F-4499-96B4-196184BF2117}.Debug|x64.Build.0 = Debug|x64
		{093C805B-CA0F-4499-96B4-196184BF2117}.Debug|x64.Deploy.0 = Debug|x64
		{093C805B-CA0F-4499-96B4-196184BF2117}.Debug|x86.ActiveCfg = Debug|x86
		{093C805B-CA0F-4499-96B4-196184BF2117}.Debug|x86.Build.0 = Debug|x86
		{093C805B-CA0F-4499-96B4-196184BF2117}.Debug|x86.Deploy.0 = Debug|x86
		{093C805B-CA0F-4499-96B4-196184BF2117}.Release|Any CPU.ActiveCfg = Release|Any CPU
		{093C805B-CA0F-4499-96B4-196184BF2117}.Release|Any CPU.Build.0 = Release|Any CPU
		{093C805B-CA0F-4499-96B4-196184BF2117}.Release|Any CPU.Deploy.0 = Release|Any CPU
		{093C805B-CA0F-4499-96B4-196184BF2117}.Release|ARM.ActiveCfg = Release|ARM
		{093C805B-CA0F-4499-96B4-196184BF2117}.Release|ARM.Build.0 = Release|ARM
		{093C805B-CA0F-4499-96B4-196184BF2117}.Release|ARM.Deploy.0 = Release|ARM
		{093C805B-CA0F-4499-96B4-196184BF2117}.Release|iPhone.ActiveCfg = Release|Any CPU
		{093C805B-CA0F-4499-96B4-196184BF2117}.Release|iPhone.Build.0 = Release|Any CPU
		{093C805B-CA0F-4499-96B4-196184BF2117}.Release|iPhone.Deploy.0 = Release|Any CPU
		{093C805B-CA0F-4499-96B4-196184BF2117}.Release|iPhoneSimulator.ActiveCfg = Release|Any CPU
		{093C805B-CA0F-4499-96B4-196184BF2117}.Release|iPhoneSimulator.Build.0 = Release|Any CPU
		{093C805B-CA0F-4499-96B4-196184BF2117}.Release|iPhoneSimulator.Deploy.0 = Release|Any CPU
		{093C805B-CA0F-4499-96B4-196184BF2117}.Release|x64.ActiveCfg = Release|x64
		{093C805B-CA0F-4499-96B4-196184BF2117}.Release|x64.Build.0 = Release|x64
		{093C805B-CA0F-4499-96B4-196184BF2117}.Release|x64.Deploy.0 = Release|x64
		{093C805B-CA0F-4499-96B4-196184BF2117}.Release|x86.ActiveCfg = Release|x86
		{093C805B-CA0F-4499-96B4-196184BF2117}.Release|x86.Build.0 = Release|x86
		{093C805B-CA0F-4499-96B4-196184BF2117}.Release|x86.Deploy.0 = Release|x86
	EndGlobalSection
	GlobalSection(SolutionProperties) = preSolution
		HideSolutionNode = FALSE
	EndGlobalSection
EndGlobal
